// !$*UTF8*$!
{
	archiveVersion = 1;
	classes = {
	};
	objectVersion = 46;
	objects = {

/* Begin PBXAggregateTarget section */
		5C15308914C82A6900E68C4A /* all */ = {
			isa = PBXAggregateTarget;
			buildConfigurationList = 5C15308A14C82A6900E68C4A /* Build configuration list for PBXAggregateTarget "all" */;
			buildPhases = (
			);
			dependencies = (
				5C15309014C82A6E00E68C4A /* PBXTargetDependency */,
				5C15308E14C82A6D00E68C4A /* PBXTargetDependency */,
			);
			name = all;
			productName = all;
		};
/* End PBXAggregateTarget section */

/* Begin PBXBuildFile section */
		5C15308814C82A5700E68C4A /* losetup.c in Sources */ = {isa = PBXBuildFile; fileRef = 5C5828AC14C81AF600B3711B /* losetup.c */; };
		5C15309214C82A8E00E68C4A /* IOKit.framework in Frameworks */ = {isa = PBXBuildFile; fileRef = 5C5828C914C822AC00B3711B /* IOKit.framework */; };
		5C15309314C82A9000E68C4A /* CoreFoundation.framework in Frameworks */ = {isa = PBXBuildFile; fileRef = 5C5828C714C822A600B3711B /* CoreFoundation.framework */; };
		5C55110114C932E0001E24EA /* loopctl.h in Headers */ = {isa = PBXBuildFile; fileRef = 5C55110014C932E0001E24EA /* loopctl.h */; };
		5C5A776714C6D2E7009E579D /* controller.cpp in Sources */ = {isa = PBXBuildFile; fileRef = 5C5A773214C6CF1F009E579D /* controller.cpp */; };
		5C5A776914C6D57A009E579D /* device.cpp in Sources */ = {isa = PBXBuildFile; fileRef = 5C5A776814C6D57A009E579D /* device.cpp */; };
		5C5A776B14C6D586009E579D /* device.h in Headers */ = {isa = PBXBuildFile; fileRef = 5C5A776A14C6D586009E579D /* device.h */; };
		5C5A776D14C6D994009E579D /* build.h in Headers */ = {isa = PBXBuildFile; fileRef = 5C5A776C14C6D994009E579D /* build.h */; };
		5C5A776F14C6DD7E009E579D /* driver.cpp in Sources */ = {isa = PBXBuildFile; fileRef = 5C5A776E14C6DD7E009E579D /* driver.cpp */; };
		5C5A777114C6DDC4009E579D /* driver.h in Headers */ = {isa = PBXBuildFile; fileRef = 5C5A777014C6DDC4009E579D /* driver.h */; };
/* End PBXBuildFile section */

/* Begin PBXContainerItemProxy section */
		5C15308D14C82A6D00E68C4A /* PBXContainerItemProxy */ = {
			isa = PBXContainerItemProxy;
			containerPortal = 5C5A772914C6CEDF009E579D /* Project object */;
			proxyType = 1;
			remoteGlobalIDString = 5C5A775214C6D2A1009E579D;
			remoteInfo = IOLoopDevice;
		};
		5C15308F14C82A6E00E68C4A /* PBXContainerItemProxy */ = {
			isa = PBXContainerItemProxy;
			containerPortal = 5C5A772914C6CEDF009E579D /* Project object */;
			proxyType = 1;
			remoteGlobalIDString = 5C15308014C82A3D00E68C4A;
			remoteInfo = losetup;
		};
/* End PBXContainerItemProxy section */

/* Begin PBXCopyFilesBuildPhase section */
		5C15307F14C82A3D00E68C4A /* CopyFiles */ = {
			isa = PBXCopyFilesBuildPhase;
			buildActionMask = 2147483647;
			dstPath = /usr/share/man/man1/;
			dstSubfolderSpec = 0;
			files = (
			);
			runOnlyForDeploymentPostprocessing = 1;
		};
/* End PBXCopyFilesBuildPhase section */

/* Begin PBXFileReference section */
		5C55110014C932E0001E24EA /* loopctl.h */ = {isa = PBXFileReference; fileEncoding = 4; lastKnownFileType = sourcecode.c.h; path = loopctl.h; sourceTree = "<group>"; };
		5C5828A914C8151500B3711B /* IOLoopDevice.kext */ = {isa = PBXFileReference; lastKnownFileType = "wrapper.kernel-extension"; name = IOLoopDevice.kext; path = build/IOLoopDevice.kext; sourceTree = "<group>"; };
		5C5828AA14C8154B00B3711B /* loopdev.sh */ = {isa = PBXFileReference; lastKnownFileType = text.script.sh; path = loopdev.sh; sourceTree = "<group>"; };
		5C5828AC14C81AF600B3711B /* losetup.c */ = {isa = PBXFileReference; lastKnownFileType = sourcecode.c.c; name = losetup.c; path = src/losetup.c; sourceTree = "<group>"; };
		5C5828C714C822A600B3711B /* CoreFoundation.framework */ = {isa = PBXFileReference; lastKnownFileType = wrapper.framework; name = CoreFoundation.framework; path = SDKs/MacOSX10.6.sdk/System/Library/Frameworks/CoreFoundation.framework; sourceTree = DEVELOPER_DIR; };
		5C5828C914C822AC00B3711B /* IOKit.framework */ = {isa = PBXFileReference; lastKnownFileType = wrapper.framework; name = IOKit.framework; path = SDKs/MacOSX10.6.sdk/System/Library/Frameworks/IOKit.framework; sourceTree = DEVELOPER_DIR; };
		5C5A773214C6CF1F009E579D /* controller.cpp */ = {isa = PBXFileReference; lastKnownFileType = sourcecode.cpp.cpp; path = controller.cpp; sourceTree = "<group>"; };
		5C5A773314C6CF2C009E579D /* controller.h */ = {isa = PBXFileReference; lastKnownFileType = sourcecode.c.h; path = controller.h; sourceTree = "<group>"; };
		5C5A775714C6D2A1009E579D /* Kernel.framework */ = {isa = PBXFileReference; lastKnownFileType = wrapper.framework; name = Kernel.framework; path = System/Library/Frameworks/Kernel.framework; sourceTree = SDKROOT; };
		5C5A776514C6D2C7009E579D /* Info.plist */ = {isa = PBXFileReference; fileEncoding = 4; lastKnownFileType = text.plist.xml; path = Info.plist; sourceTree = "<group>"; };
		5C5A776814C6D57A009E579D /* device.cpp */ = {isa = PBXFileReference; fileEncoding = 4; lastKnownFileType = sourcecode.cpp.cpp; path = device.cpp; sourceTree = "<group>"; };
		5C5A776A14C6D586009E579D /* device.h */ = {isa = PBXFileReference; fileEncoding = 4; lastKnownFileType = sourcecode.c.h; path = device.h; sourceTree = "<group>"; };
		5C5A776C14C6D994009E579D /* build.h */ = {isa = PBXFileReference; fileEncoding = 4; lastKnownFileType = sourcecode.c.h; path = build.h; sourceTree = "<group>"; };
		5C5A776E14C6DD7E009E579D /* driver.cpp */ = {isa = PBXFileReference; fileEncoding = 4; lastKnownFileType = sourcecode.cpp.cpp; path = driver.cpp; sourceTree = "<group>"; };
		5C5A777014C6DDC4009E579D /* driver.h */ = {isa = PBXFileReference; fileEncoding = 4; lastKnownFileType = sourcecode.c.h; path = driver.h; sourceTree = "<group>"; };
		5C9571D714C97B40001AF2BD /* IOLoopDevice.kext */ = {isa = PBXFileReference; explicitFileType = wrapper.cfbundle; includeInIndex = 0; path = IOLoopDevice.kext; sourceTree = BUILT_PRODUCTS_DIR; };
		5C9571D814C97B40001AF2BD /* losetup */ = {isa = PBXFileReference; explicitFileType = "compiled.mach-o.executable"; includeInIndex = 0; path = losetup; sourceTree = BUILT_PRODUCTS_DIR; };
/* End PBXFileReference section */

/* Begin PBXFrameworksBuildPhase section */
		5C15307E14C82A3D00E68C4A /* Frameworks */ = {
			isa = PBXFrameworksBuildPhase;
			buildActionMask = 2147483647;
			files = (
				5C15309214C82A8E00E68C4A /* IOKit.framework in Frameworks */,
				5C15309314C82A9000E68C4A /* CoreFoundation.framework in Frameworks */,
			);
			runOnlyForDeploymentPostprocessing = 0;
		};
/* End PBXFrameworksBuildPhase section */

/* Begin PBXGroup section */
		5C5A772714C6CEDF009E579D = {
			isa = PBXGroup;
			children = (
				5C5A775714C6D2A1009E579D /* Kernel.framework */,
				5C5828C914C822AC00B3711B /* IOKit.framework */,
				5C5828C714C822A600B3711B /* CoreFoundation.framework */,
				5C5A773114C6CF1F009E579D /* kext */,
				5C5828AC14C81AF600B3711B /* losetup.c */,
				5C5828AA14C8154B00B3711B /* loopdev.sh */,
				5C5828A914C8151500B3711B /* IOLoopDevice.kext */,
				5C9571D714C97B40001AF2BD /* IOLoopDevice.kext */,
				5C9571D814C97B40001AF2BD /* losetup */,
			);
			sourceTree = "<group>";
		};
		5C5A773114C6CF1F009E579D /* kext */ = {
			isa = PBXGroup;
			children = (
				5C55110014C932E0001E24EA /* loopctl.h */,
				5C5A776C14C6D994009E579D /* build.h */,
				5C5A773314C6CF2C009E579D /* controller.h */,
				5C5A773214C6CF1F009E579D /* controller.cpp */,
				5C5A777014C6DDC4009E579D /* driver.h */,
				5C5A776E14C6DD7E009E579D /* driver.cpp */,
				5C5A776A14C6D586009E579D /* device.h */,
				5C5A776814C6D57A009E579D /* device.cpp */,
				5C5A776514C6D2C7009E579D /* Info.plist */,
			);
			path = kext;
			sourceTree = "<group>";
		};
/* End PBXGroup section */

/* Begin PBXHeadersBuildPhase section */
		5C5A774F14C6D2A1009E579D /* Headers */ = {
			isa = PBXHeadersBuildPhase;
			buildActionMask = 2147483647;
			files = (
				5C5A776B14C6D586009E579D /* device.h in Headers */,
				5C5A776D14C6D994009E579D /* build.h in Headers */,
				5C5A777114C6DDC4009E579D /* driver.h in Headers */,
				5C55110114C932E0001E24EA /* loopctl.h in Headers */,
			);
			runOnlyForDeploymentPostprocessing = 0;
		};
/* End PBXHeadersBuildPhase section */

/* Begin PBXNativeTarget section */
		5C15308014C82A3D00E68C4A /* losetup */ = {
			isa = PBXNativeTarget;
			buildConfigurationList = 5C15308414C82A3D00E68C4A /* Build configuration list for PBXNativeTarget "losetup" */;
			buildPhases = (
				5C15307D14C82A3D00E68C4A /* Sources */,
				5C15307E14C82A3D00E68C4A /* Frameworks */,
				5C15307F14C82A3D00E68C4A /* CopyFiles */,
			);
			buildRules = (
			);
			dependencies = (
			);
			name = losetup;
			productName = losetup;
			productReference = 5C9571D814C97B40001AF2BD /* losetup */;
			productType = "com.apple.product-type.tool";
		};
		5C5A775214C6D2A1009E579D /* IOLoopDevice */ = {
			isa = PBXNativeTarget;
			buildConfigurationList = 5C5A776214C6D2A1009E579D /* Build configuration list for PBXNativeTarget "IOLoopDevice" */;
			buildPhases = (
				5C5A774D14C6D2A1009E579D /* Sources */,
				5C5A774F14C6D2A1009E579D /* Headers */,
			);
			buildRules = (
			);
			dependencies = (
			);
			name = IOLoopDevice;
			productName = IOLoopDevice;
			productReference = 5C9571D714C97B40001AF2BD /* IOLoopDevice.kext */;
			productType = "com.apple.product-type.kernel-extension";
		};
/* End PBXNativeTarget section */

/* Begin PBXProject section */
		5C5A772914C6CEDF009E579D /* Project object */ = {
			isa = PBXProject;
			attributes = {
				LastUpgradeCheck = 0420;
			};
			buildConfigurationList = 5C5A772C14C6CEDF009E579D /* Build configuration list for PBXProject "IOLoopDevice" */;
			compatibilityVersion = "Xcode 3.2";
			developmentRegion = English;
			hasScannedForEncodings = 0;
			knownRegions = (
				en,
			);
			mainGroup = 5C5A772714C6CEDF009E579D;
			productRefGroup = 5C5A772714C6CEDF009E579D;
			projectDirPath = "";
			projectRoot = "";
			targets = (
				5C5A775214C6D2A1009E579D /* IOLoopDevice */,
				5C15308014C82A3D00E68C4A /* losetup */,
				5C15308914C82A6900E68C4A /* all */,
			);
		};
/* End PBXProject section */

/* Begin PBXSourcesBuildPhase section */
		5C15307D14C82A3D00E68C4A /* Sources */ = {
			isa = PBXSourcesBuildPhase;
			buildActionMask = 2147483647;
			files = (
				5C15308814C82A5700E68C4A /* losetup.c in Sources */,
			);
			runOnlyForDeploymentPostprocessing = 0;
		};
		5C5A774D14C6D2A1009E579D /* Sources */ = {
			isa = PBXSourcesBuildPhase;
			buildActionMask = 2147483647;
			files = (
				5C5A776714C6D2E7009E579D /* controller.cpp in Sources */,
				5C5A776914C6D57A009E579D /* device.cpp in Sources */,
				5C5A776F14C6DD7E009E579D /* driver.cpp in Sources */,
			);
			runOnlyForDeploymentPostprocessing = 0;
		};
/* End PBXSourcesBuildPhase section */

/* Begin PBXTargetDependency section */
		5C15308E14C82A6D00E68C4A /* PBXTargetDependency */ = {
			isa = PBXTargetDependency;
			target = 5C5A775214C6D2A1009E579D /* IOLoopDevice */;
			targetProxy = 5C15308D14C82A6D00E68C4A /* PBXContainerItemProxy */;
		};
		5C15309014C82A6E00E68C4A /* PBXTargetDependency */ = {
			isa = PBXTargetDependency;
			target = 5C15308014C82A3D00E68C4A /* losetup */;
			targetProxy = 5C15308F14C82A6E00E68C4A /* PBXContainerItemProxy */;
		};
/* End PBXTargetDependency section */

/* Begin XCBuildConfiguration section */
		5C15308514C82A3D00E68C4A /* Debug */ = {
			isa = XCBuildConfiguration;
			buildSettings = {
				ALWAYS_SEARCH_USER_PATHS = NO;
				ARCHS = "$(ARCHS_STANDARD_64_BIT)";
				CONFIGURATION_BUILD_DIR = "$(BUILD_DIR)";
				COPY_PHASE_STRIP = NO;
				GCC_C_LANGUAGE_STANDARD = gnu99;
				GCC_DYNAMIC_NO_PIC = NO;
				GCC_ENABLE_OBJC_EXCEPTIONS = YES;
				GCC_OPTIMIZATION_LEVEL = 0;
				GCC_PREPROCESSOR_DEFINITIONS = (
					"DEBUG=1",
					"$(inherited)",
				);
				GCC_SYMBOLS_PRIVATE_EXTERN = NO;
				GCC_VERSION = com.apple.compilers.llvmgcc42;
				GCC_WARN_64_TO_32_BIT_CONVERSION = YES;
				GCC_WARN_ABOUT_MISSING_PROTOTYPES = YES;
				GCC_WARN_ABOUT_RETURN_TYPE = YES;
				GCC_WARN_UNUSED_VARIABLE = YES;
				HEADER_SEARCH_PATHS = "$(SOURCE_ROOT)";
				MACOSX_DEPLOYMENT_TARGET = 10.6;
				ONLY_ACTIVE_ARCH = NO;
				PRODUCT_NAME = "$(TARGET_NAME)";
				SDKROOT = macosx10.6;
			};
			name = Debug;
		};
		5C15308614C82A3D00E68C4A /* Release */ = {
			isa = XCBuildConfiguration;
			buildSettings = {
				ALWAYS_SEARCH_USER_PATHS = NO;
				ARCHS = "$(ARCHS_STANDARD_64_BIT)";
				CONFIGURATION_BUILD_DIR = "$(BUILD_DIR)";
				COPY_PHASE_STRIP = YES;
				DEBUG_INFORMATION_FORMAT = "dwarf-with-dsym";
				GCC_C_LANGUAGE_STANDARD = gnu99;
				GCC_ENABLE_OBJC_EXCEPTIONS = YES;
				GCC_VERSION = com.apple.compilers.llvmgcc42;
				GCC_WARN_64_TO_32_BIT_CONVERSION = YES;
				GCC_WARN_ABOUT_MISSING_PROTOTYPES = YES;
				GCC_WARN_ABOUT_RETURN_TYPE = YES;
				GCC_WARN_UNUSED_VARIABLE = YES;
				HEADER_SEARCH_PATHS = "$(SOURCE_ROOT)";
				MACOSX_DEPLOYMENT_TARGET = 10.6;
				PRODUCT_NAME = "$(TARGET_NAME)";
				SDKROOT = macosx10.6;
			};
			name = Release;
		};
		5C15308B14C82A6900E68C4A /* Debug */ = {
			isa = XCBuildConfiguration;
			buildSettings = {
				PRODUCT_NAME = "$(TARGET_NAME)";
			};
			name = Debug;
		};
		5C15308C14C82A6900E68C4A /* Release */ = {
			isa = XCBuildConfiguration;
			buildSettings = {
				PRODUCT_NAME = "$(TARGET_NAME)";
			};
			name = Release;
		};
		5C5A772E14C6CEDF009E579D /* Debug */ = {
			isa = XCBuildConfiguration;
			buildSettings = {
			};
			name = Debug;
		};
		5C5A772F14C6CEDF009E579D /* Release */ = {
			isa = XCBuildConfiguration;
			buildSettings = {
			};
			name = Release;
		};
		5C5A776314C6D2A1009E579D /* Debug */ = {
			isa = XCBuildConfiguration;
			buildSettings = {
				ALWAYS_SEARCH_USER_PATHS = NO;
				ARCHS = "$(ARCHS_STANDARD_32_64_BIT)";
				CONFIGURATION_BUILD_DIR = "$(BUILD_DIR)";
				COPY_PHASE_STRIP = NO;
				CURRENT_PROJECT_VERSION = 1.0.0d1;
				GCC_C_LANGUAGE_STANDARD = gnu99;
				GCC_DYNAMIC_NO_PIC = NO;
				GCC_ENABLE_OBJC_EXCEPTIONS = YES;
				GCC_OPTIMIZATION_LEVEL = 0;
				GCC_PRECOMPILE_PREFIX_HEADER = NO;
				GCC_PREFIX_HEADER = "";
				GCC_PREPROCESSOR_DEFINITIONS = (
					"DEBUG=1",
					"$(inherited)",
				);
				GCC_SYMBOLS_PRIVATE_EXTERN = NO;
				GCC_VERSION = com.apple.compilers.llvmgcc42;
				GCC_WARN_64_TO_32_BIT_CONVERSION = YES;
				GCC_WARN_ABOUT_MISSING_PROTOTYPES = YES;
				GCC_WARN_ABOUT_RETURN_TYPE = YES;
				GCC_WARN_UNUSED_VARIABLE = YES;
				HEADER_SEARCH_PATHS = "$(SOURCE_ROOT)";
				INFOPLIST_FILE = kext/Info.plist;
				MACOSX_DEPLOYMENT_TARGET = 10.6;
				MODULE_NAME = org.acme.IOLoopDevice;
				MODULE_VERSION = 1.0.0;
				ONLY_ACTIVE_ARCH = NO;
				OTHER_CPLUSPLUSFLAGS = (
					"-DLOOP_DEBUG",
					"-DLOOP_KERNEL",
					"$(OTHER_CFLAGS)",
				);
				PRODUCT_NAME = "$(TARGET_NAME)";
				SDKROOT = macosx10.6;
				WRAPPER_EXTENSION = kext;
			};
			name = Debug;
		};
		5C5A776414C6D2A1009E579D /* Release */ = {
			isa = XCBuildConfiguration;
			buildSettings = {
				ALWAYS_SEARCH_USER_PATHS = NO;
				ARCHS = "$(ARCHS_STANDARD_32_64_BIT)";
				CONFIGURATION_BUILD_DIR = "$(BUILD_DIR)";
				COPY_PHASE_STRIP = YES;
				CURRENT_PROJECT_VERSION = 1.0.0d1;
				DEBUG_INFORMATION_FORMAT = "dwarf-with-dsym";
				GCC_C_LANGUAGE_STANDARD = gnu99;
				GCC_ENABLE_OBJC_EXCEPTIONS = YES;
				GCC_PRECOMPILE_PREFIX_HEADER = NO;
				GCC_PREFIX_HEADER = "";
				GCC_VERSION = com.apple.compilers.llvmgcc42;
				GCC_WARN_64_TO_32_BIT_CONVERSION = YES;
				GCC_WARN_ABOUT_MISSING_PROTOTYPES = YES;
				GCC_WARN_ABOUT_RETURN_TYPE = YES;
				GCC_WARN_UNUSED_VARIABLE = YES;
				HEADER_SEARCH_PATHS = "$(SOURCE_ROOT)";
				INFOPLIST_FILE = kext/Info.plist;
				MACOSX_DEPLOYMENT_TARGET = 10.6;
				MODULE_NAME = org.acme.IOLoopDevice;
				MODULE_VERSION = 1.0.0;
				OTHER_CPLUSPLUSFLAGS = (
					"-DLOOP_KERNEL",
					"$(OTHER_CFLAGS)",
				);
				PRODUCT_NAME = "$(TARGET_NAME)";
				SDKROOT = macosx10.6;
				WRAPPER_EXTENSION = kext;
			};
			name = Release;
		};
/* End XCBuildConfiguration section */

/* Begin XCConfigurationList section */
		5C15308414C82A3D00E68C4A /* Build configuration list for PBXNativeTarget "losetup" */ = {
			isa = XCConfigurationList;
			buildConfigurations = (
				5C15308514C82A3D00E68C4A /* Debug */,
				5C15308614C82A3D00E68C4A /* Release */,
			);
			defaultConfigurationIsVisible = 0;
			defaultConfigurationName = Release;
		};
		5C15308A14C82A6900E68C4A /* Build configuration list for PBXAggregateTarget "all" */ = {
			isa = XCConfigurationList;
			buildConfigurations = (
				5C15308B14C82A6900E68C4A /* Debug */,
				5C15308C14C82A6900E68C4A /* Release */,
			);
			defaultConfigurationIsVisible = 0;
			defaultConfigurationName = Release;
		};
		5C5A772C14C6CEDF009E579D /* Build configuration list for PBXProject "IOLoopDevice" */ = {
			isa = XCConfigurationList;
			buildConfigurations = (
				5C5A772E14C6CEDF009E579D /* Debug */,
				5C5A772F14C6CEDF009E579D /* Release */,
			);
			defaultConfigurationIsVisible = 0;
			defaultConfigurationName = Release;
		};
		5C5A776214C6D2A1009E579D /* Build configuration list for PBXNativeTarget "IOLoopDevice" */ = {
			isa = XCConfigurationList;
			buildConfigurations = (
				5C5A776314C6D2A1009E579D /* Debug */,
				5C5A776414C6D2A1009E579D /* Release */,
			);
			defaultConfigurationIsVisible = 0;
			defaultConfigurationName = Release;
		};
/* End XCConfigurationList section */
	};
	rootObject = 5C5A772914C6CEDF009E579D /* Project object */;
}
